// !$*UTF8*$!
{
	archiveVersion = 1;
	classes = {
	};
	objectVersion = 46;
	objects = {

/* Begin PBXBuildFile section */
		3EBB04511C0C76EB00E1B93D /* main.m in Sources */ = {isa = PBXBuildFile; fileRef = 3EBB04501C0C76EB00E1B93D /* main.m */; };
		3EBB04541C0C76EB00E1B93D /* AppDelegate.m in Sources */ = {isa = PBXBuildFile; fileRef = 3EBB04531C0C76EB00E1B93D /* AppDelegate.m */; };
		3EBB04571C0C76EB00E1B93D /* ViewController.m in Sources */ = {isa = PBXBuildFile; fileRef = 3EBB04561C0C76EB00E1B93D /* ViewController.m */; };
		3EBB045A1C0C76EB00E1B93D /* Main.storyboard in Resources */ = {isa = PBXBuildFile; fileRef = 3EBB04581C0C76EB00E1B93D /* Main.storyboard */; };
		3EBB045C1C0C76EB00E1B93D /* Assets.xcassets in Resources */ = {isa = PBXBuildFile; fileRef = 3EBB045B1C0C76EB00E1B93D /* Assets.xcassets */; };
		3EBB045F1C0C76EB00E1B93D /* LaunchScreen.storyboard in Resources */ = {isa = PBXBuildFile; fileRef = 3EBB045D1C0C76EB00E1B93D /* LaunchScreen.storyboard */; };
		3EBB046A1C0C76EB00E1B93D /* TestTestUITests.m in Sources */ = {isa = PBXBuildFile; fileRef = 3EBB04691C0C76EB00E1B93D /* TestTestUITests.m */; };
/* End PBXBuildFile section */

/* Begin PBXContainerItemProxy section */
		3EBB04661C0C76EB00E1B93D /* PBXContainerItemProxy */ = {
			isa = PBXContainerItemProxy;
			containerPortal = 3EBB04441C0C76EB00E1B93D /* Project object */;
			proxyType = 1;
			remoteGlobalIDString = 3EBB044B1C0C76EB00E1B93D;
			remoteInfo = TestTest;
		};
/* End PBXContainerItemProxy section */

/* Begin PBXFileReference section */
		3EBB044C1C0C76EB00E1B93D /* TestTest.app */ = {isa = PBXFileReference; explicitFileType = wrapper.application; includeInIndex = 0; path = TestTest.app; sourceTree = BUILT_PRODUCTS_DIR; };
		3EBB04501C0C76EB00E1B93D /* main.m */ = {isa = PBXFileReference; lastKnownFileType = sourcecode.c.objc; path = main.m; sourceTree = "<group>"; };
		3EBB04521C0C76EB00E1B93D /* AppDelegate.h */ = {isa = PBXFileReference; lastKnownFileType = sourcecode.c.h; path = AppDelegate.h; sourceTree = "<group>"; };
		3EBB04531C0C76EB00E1B93D /* AppDelegate.m */ = {isa = PBXFileReference; lastKnownFileType = sourcecode.c.objc; path = AppDelegate.m; sourceTree = "<group>"; };
		3EBB04551C0C76EB00E1B93D /* ViewController.h */ = {isa = PBXFileReference; lastKnownFileType = sourcecode.c.h; path = ViewController.h; sourceTree = "<group>"; };
		3EBB04561C0C76EB00E1B93D /* ViewController.m */ = {isa = PBXFileReference; lastKnownFileType = sourcecode.c.objc; path = ViewController.m; sourceTree = "<group>"; };
		3EBB04591C0C76EB00E1B93D /* Base */ = {isa = PBXFileReference; lastKnownFileType = file.storyboard; name = Base; path = Base.lproj/Main.storyboard; sourceTree = "<group>"; };
		3EBB045B1C0C76EB00E1B93D /* Assets.xcassets */ = {isa = PBXFileReference; lastKnownFileType = folder.assetcatalog; path = Assets.xcassets; sourceTree = "<group>"; };
		3EBB045E1C0C76EB00E1B93D /* Base */ = {isa = PBXFileReference; lastKnownFileType = file.storyboard; name = Base; path = Base.lproj/LaunchScreen.storyboard; sourceTree = "<group>"; };
		3EBB04601C0C76EB00E1B93D /* Info.plist */ = {isa = PBXFileReference; lastKnownFileType = text.plist.xml; path = Info.plist; sourceTree = "<group>"; };
		3EBB04651C0C76EB00E1B93D /* TestTestUITests.xctest */ = {isa = PBXFileReference; explicitFileType = wrapper.cfbundle; includeInIndex = 0; path = TestTestUITests.xctest; sourceTree = BUILT_PRODUCTS_DIR; };
		3EBB04691C0C76EB00E1B93D /* TestTestUITests.m */ = {isa = PBXFileReference; lastKnownFileType = sourcecode.c.objc; path = TestTestUITests.m; sourceTree = "<group>"; };
		3EBB046B1C0C76EB00E1B93D /* Info.plist */ = {isa = PBXFileReference; lastKnownFileType = text.plist.xml; path = Info.plist; sourceTree = "<group>"; };
/* End PBXFileReference section */

/* Begin PBXFrameworksBuildPhase section */
		3EBB04491C0C76EB00E1B93D /* Frameworks */ = {
			isa = PBXFrameworksBuildPhase;
			buildActionMask = 2147483647;
			files = (
			);
			runOnlyForDeploymentPostprocessing = 0;
		};
		3EBB04621C0C76EB00E1B93D /* Frameworks */ = {
			isa = PBXFrameworksBuildPhase;
			buildActionMask = 2147483647;
			files = (
			);
			runOnlyForDeploymentPostprocessing = 0;
		};
/* End PBXFrameworksBuildPhase section */

/* Begin PBXGroup section */
		3EBB04431C0C76EB00E1B93D = {
			isa = PBXGroup;
			children = (
				3EBB044E1C0C76EB00E1B93D /* TestTest */,
				3EBB04681C0C76EB00E1B93D /* TestTestUITests */,
				3EBB044D1C0C76EB00E1B93D /* Products */,
			);
			sourceTree = "<group>";
		};
		3EBB044D1C0C76EB00E1B93D /* Products */ = {
			isa = PBXGroup;
			children = (
				3EBB044C1C0C76EB00E1B93D /* TestTest.app */,
				3EBB04651C0C76EB00E1B93D /* TestTestUITests.xctest */,
			);
			name = Products;
			sourceTree = "<group>";
		};
		3EBB044E1C0C76EB00E1B93D /* TestTest */ = {
			isa = PBXGroup;
			children = (
				3EBB04521C0C76EB00E1B93D /* AppDelegate.h */,
				3EBB04531C0C76EB00E1B93D /* AppDelegate.m */,
				3EBB04551C0C76EB00E1B93D /* ViewController.h */,
				3EBB04561C0C76EB00E1B93D /* ViewController.m */,
				3EBB04581C0C76EB00E1B93D /* Main.storyboard */,
				3EBB045B1C0C76EB00E1B93D /* Assets.xcassets */,
				3EBB045D1C0C76EB00E1B93D /* LaunchScreen.storyboard */,
				3EBB04601C0C76EB00E1B93D /* Info.plist */,
				3EBB044F1C0C76EB00E1B93D /* Supporting Files */,
			);
			path = TestTest;
			sourceTree = "<group>";
		};
		3EBB044F1C0C76EB00E1B93D /* Supporting Files */ = {
			isa = PBXGroup;
			children = (
				3EBB04501C0C76EB00E1B93D /* main.m */,
			);
			name = "Supporting Files";
			sourceTree = "<group>";
		};
		3EBB04681C0C76EB00E1B93D /* TestTestUITests */ = {
			isa = PBXGroup;
			children = (
				3EBB04691C0C76EB00E1B93D /* TestTestUITests.m */,
				3EBB046B1C0C76EB00E1B93D /* Info.plist */,
			);
			path = TestTestUITests;
			sourceTree = "<group>";
		};
/* End PBXGroup section */

/* Begin PBXNativeTarget section */
		3EBB044B1C0C76EB00E1B93D /* TestTest */ = {
			isa = PBXNativeTarget;
			buildConfigurationList = 3EBB046E1C0C76EB00E1B93D /* Build configuration list for PBXNativeTarget "TestTest" */;
			buildPhases = (
				3EBB04481C0C76EB00E1B93D /* Sources */,
				3EBB04491C0C76EB00E1B93D /* Frameworks */,
				3EBB044A1C0C76EB00E1B93D /* Resources */,
			);
			buildRules = (
			);
			dependencies = (
			);
			name = TestTest;
			productName = TestTest;
			productReference = 3EBB044C1C0C76EB00E1B93D /* TestTest.app */;
			productType = "com.apple.product-type.application";
		};
		3EBB04641C0C76EB00E1B93D /* TestTestUITests */ = {
			isa = PBXNativeTarget;
			buildConfigurationList = 3EBB04711C0C76EB00E1B93D /* Build configuration list for PBXNativeTarget "TestTestUITests" */;
			buildPhases = (
				3EBB04611C0C76EB00E1B93D /* Sources */,
				3EBB04621C0C76EB00E1B93D /* Frameworks */,
				3EBB04631C0C76EB00E1B93D /* Resources */,
			);
			buildRules = (
			);
			dependencies = (
				3EBB04671C0C76EB00E1B93D /* PBXTargetDependency */,
			);
			name = TestTestUITests;
			productName = TestTestUITests;
			productReference = 3EBB04651C0C76EB00E1B93D /* TestTestUITests.xctest */;
			productType = "com.apple.product-type.bundle.ui-testing";
		};
/* End PBXNativeTarget section */

/* Begin PBXProject section */
		3EBB04441C0C76EB00E1B93D /* Project object */ = {
			isa = PBXProject;
			attributes = {
				LastUpgradeCheck = 0710;
				ORGANIZATIONNAME = Test;
				TargetAttributes = {
					3EBB044B1C0C76EB00E1B93D = {
						CreatedOnToolsVersion = 7.1.1;
					};
					3EBB04641C0C76EB00E1B93D = {
						CreatedOnToolsVersion = 7.1.1;
						TestTargetID = 3EBB044B1C0C76EB00E1B93D;
					};
				};
			};
			buildConfigurationList = 3EBB04471C0C76EB00E1B93D /* Build configuration list for PBXProject "TestTest" */;
			compatibilityVersion = "Xcode 3.2";
			developmentRegion = English;
			hasScannedForEncodings = 0;
			knownRegions = (
				en,
				Base,
			);
			mainGroup = 3EBB04431C0C76EB00E1B93D;
			productRefGroup = 3EBB044D1C0C76EB00E1B93D /* Products */;
			projectDirPath = "";
			projectRoot = "";
			targets = (
				3EBB044B1C0C76EB00E1B93D /* TestTest */,
				3EBB04641C0C76EB00E1B93D /* TestTestUITests */,
			);
		};
/* End PBXProject section */

/* Begin PBXResourcesBuildPhase section */
		3EBB044A1C0C76EB00E1B93D /* Resources */ = {
			isa = PBXResourcesBuildPhase;
			buildActionMask = 2147483647;
			files = (
				3EBB045F1C0C76EB00E1B93D /* LaunchScreen.storyboard in Resources */,
				3EBB045C1C0C76EB00E1B93D /* Assets.xcassets in Resources */,
				3EBB045A1C0C76EB00E1B93D /* Main.storyboard in Resources */,
			);
			runOnlyForDeploymentPostprocessing = 0;
		};
		3EBB04631C0C76EB00E1B93D /* Resources */ = {
			isa = PBXResourcesBuildPhase;
			buildActionMask = 2147483647;
			files = (
			);
			runOnlyForDeploymentPostprocessing = 0;
		};
/* End PBXResourcesBuildPhase section */

/* Begin PBXSourcesBuildPhase section */
		3EBB04481C0C76EB00E1B93D /* Sources */ = {
			isa = PBXSourcesBuildPhase;
			buildActionMask = 2147483647;
			files = (
				3EBB04571C0C76EB00E1B93D /* ViewController.m in Sources */,
				3EBB04541C0C76EB00E1B93D /* AppDelegate.m in Sources */,
				3EBB04511C0C76EB00E1B93D /* main.m in Sources */,
			);
			runOnlyForDeploymentPostprocessing = 0;
		};
		3EBB04611C0C76EB00E1B93D /* Sources */ = {
			isa = PBXSourcesBuildPhase;
			buildActionMask = 2147483647;
			files = (
				3EBB046A1C0C76EB00E1B93D /* TestTestUITests.m in Sources */,
			);
			runOnlyForDeploymentPostprocessing = 0;
		};
/* End PBXSourcesBuildPhase section */

/* Begin PBXTargetDependency section */
		3EBB04671C0C76EB00E1B93D /* PBXTargetDependency */ = {
			isa = PBXTargetDependency;
			target = 3EBB044B1C0C76EB00E1B93D /* TestTest */;
			targetProxy = 3EBB04661C0C76EB00E1B93D /* PBXContainerItemProxy */;
		};
/* End PBXTargetDependency section */

/* Begin PBXVariantGroup section */
		3EBB04581C0C76EB00E1B93D /* Main.storyboard */ = {
			isa = PBXVariantGroup;
			children = (
				3EBB04591C0C76EB00E1B93D /* Base */,
			);
			name = Main.storyboard;
			sourceTree = "<group>";
		};
		3EBB045D1C0C76EB00E1B93D /* LaunchScreen.storyboard */ = {
			isa = PBXVariantGroup;
			children = (
				3EBB045E1C0C76EB00E1B93D /* Base */,
			);
			name = LaunchScreen.storyboard;
			sourceTree = "<group>";
		};
/* End PBXVariantGroup section */

/* Begin XCBuildConfiguration section */
		3EBB046C1C0C76EB00E1B93D /* Debug */ = {
			isa = XCBuildConfiguration;
			buildSettings = {
				ALWAYS_SEARCH_USER_PATHS = NO;
				CLANG_CXX_LANGUAGE_STANDARD = "gnu++0x";
				CLANG_CXX_LIBRARY = "libc++";
				CLANG_ENABLE_MODULES = YES;
				CLANG_ENABLE_OBJC_ARC = YES;
				CLANG_WARN_BOOL_CONVERSION = YES;
				CLANG_WARN_CONSTANT_CONVERSION = YES;
				CLANG_WARN_DIRECT_OBJC_ISA_USAGE = YES_ERROR;
				CLANG_WARN_EMPTY_BODY = YES;
				CLANG_WARN_ENUM_CONVERSION = YES;
				CLANG_WARN_INT_CONVERSION = YES;
				CLANG_WARN_OBJC_ROOT_CLASS = YES_ERROR;
				CLANG_WARN_UNREACHABLE_CODE = YES;
				CLANG_WARN__DUPLICATE_METHOD_MATCH = YES;
				"CODE_SIGN_IDENTITY[sdk=iphoneos*]" = "iPhone Developer";
				COPY_PHASE_STRIP = NO;
				DEBUG_INFORMATION_FORMAT = dwarf;
				ENABLE_STRICT_OBJC_MSGSEND = YES;
				ENABLE_TESTABILITY = YES;
				GCC_C_LANGUAGE_STANDARD = gnu99;
				GCC_DYNAMIC_NO_PIC = NO;
				GCC_NO_COMMON_BLOCKS = YES;
				GCC_OPTIMIZATION_LEVEL = 0;
				GCC_PREPROCESSOR_DEFINITIONS = (
					"DEBUG=1",
					"$(inherited)",
				);
				GCC_WARN_64_TO_32_BIT_CONVERSION = YES;
				GCC_WARN_ABOUT_RETURN_TYPE = YES_ERROR;
				GCC_WARN_UNDECLARED_SELECTOR = YES;
				GCC_WARN_UNINITIALIZED_AUTOS = YES_AGGRESSIVE;
				GCC_WARN_UNUSED_FUNCTION = YES;
				GCC_WARN_UNUSED_VARIABLE = YES;
				IPHONEOS_DEPLOYMENT_TARGET = 9.1;
				MTL_ENABLE_DEBUG_INFO = YES;
				ONLY_ACTIVE_ARCH = YES;
				SDKROOT = iphoneos;
			};
			name = Debug;
		};
		3EBB046D1C0C76EB00E1B93D /* Release */ = {
			isa = XCBuildConfiguration;
			buildSettings = {
				ALWAYS_SEARCH_USER_PATHS = NO;
				CLANG_CXX_LANGUAGE_STANDARD = "gnu++0x";
				CLANG_CXX_LIBRARY = "libc++";
				CLANG_ENABLE_MODULES = YES;
				CLANG_ENABLE_OBJC_ARC = YES;
				CLANG_WARN_BOOL_CONVERSION = YES;
				CLANG_WARN_CONSTANT_CONVERSION = YES;
				CLANG_WARN_DIRECT_OBJC_ISA_USAGE = YES_ERROR;
				CLANG_WARN_EMPTY_BODY = YES;
				CLANG_WARN_ENUM_CONVERSION = YES;
				CLANG_WARN_INT_CONVERSION = YES;
				CLANG_WARN_OBJC_ROOT_CLASS = YES_ERROR;
				CLANG_WARN_UNREACHABLE_CODE = YES;
				CLANG_WARN__DUPLICATE_METHOD_MATCH = YES;
				"CODE_SIGN_IDENTITY[sdk=iphoneos*]" = "iPhone Developer";
				COPY_PHASE_STRIP = NO;
				DEBUG_INFORMATION_FORMAT = "dwarf-with-dsym";
				ENABLE_NS_ASSERTIONS = NO;
				ENABLE_STRICT_OBJC_MSGSEND = YES;
				GCC_C_LANGUAGE_STANDARD = gnu99;
				GCC_NO_COMMON_BLOCKS = YES;
				GCC_WARN_64_TO_32_BIT_CONVERSION = YES;
				GCC_WARN_ABOUT_RETURN_TYPE = YES_ERROR;
				GCC_WARN_UNDECLARED_SELECTOR = YES;
				GCC_WARN_UNINITIALIZED_AUTOS = YES_AGGRESSIVE;
				GCC_WARN_UNUSED_FUNCTION = YES;
				GCC_WARN_UNUSED_VARIABLE = YES;
				IPHONEOS_DEPLOYMENT_TARGET = 9.1;
				MTL_ENABLE_DEBUG_INFO = NO;
				SDKROOT = iphoneos;
				VALIDATE_PRODUCT = YES;
			};
			name = Release;
		};
		3EBB046F1C0C76EB00E1B93D /* Debug */ = {
			isa = XCBuildConfiguration;
			buildSettings = {
				ASSETCATALOG_COMPILER_APPICON_NAME = AppIcon;
				INFOPLIST_FILE = TestTest/Info.plist;
				LD_RUNPATH_SEARCH_PATHS = "$(inherited) @executable_path/Frameworks";
				PRODUCT_BUNDLE_IDENTIFIER = no.TestTest;
				PRODUCT_NAME = "$(TARGET_NAME)";
			};
			name = Debug;
		};
		3EBB04701C0C76EB00E1B93D /* Release */ = {
			isa = XCBuildConfiguration;
			buildSettings = {
				ASSETCATALOG_COMPILER_APPICON_NAME = AppIcon;
				INFOPLIST_FILE = TestTest/Info.plist;
				LD_RUNPATH_SEARCH_PATHS = "$(inherited) @executable_path/Frameworks";
				PRODUCT_BUNDLE_IDENTIFIER = no.TestTest;
				PRODUCT_NAME = "$(TARGET_NAME)";
			};
			name = Release;
		};
		3EBB04721C0C76EB00E1B93D /* Debug */ = {
			isa = XCBuildConfiguration;
			buildSettings = {
				INFOPLIST_FILE = TestTestUITests/Info.plist;
				LD_RUNPATH_SEARCH_PATHS = "$(inherited) @executable_path/Frameworks @loader_path/Frameworks";
				PRODUCT_BUNDLE_IDENTIFIER = no.TestTestUITests;
				PRODUCT_NAME = "$(TARGET_NAME)";
				TEST_TARGET_NAME = TestTest;
				USES_XCTRUNNER = YES;
			};
			name = Debug;
		};
		3EBB04731C0C76EB00E1B93D /* Release */ = {
			isa = XCBuildConfiguration;
			buildSettings = {
				INFOPLIST_FILE = TestTestUITests/Info.plist;
				LD_RUNPATH_SEARCH_PATHS = "$(inherited) @executable_path/Frameworks @loader_path/Frameworks";
				PRODUCT_BUNDLE_IDENTIFIER = no.TestTestUITests;
				PRODUCT_NAME = "$(TARGET_NAME)";
				TEST_TARGET_NAME = TestTest;
				USES_XCTRUNNER = YES;
			};
			name = Release;
		};
/* End XCBuildConfiguration section */

/* Begin XCConfigurationList section */
		3EBB04471C0C76EB00E1B93D /* Build configuration list for PBXProject "TestTest" */ = {
			isa = XCConfigurationList;
			buildConfigurations = (
				3EBB046C1C0C76EB00E1B93D /* Debug */,
				3EBB046D1C0C76EB00E1B93D /* Release */,
			);
			defaultConfigurationIsVisible = 0;
			defaultConfigurationName = Release;
		};
		3EBB046E1C0C76EB00E1B93D /* Build configuration list for PBXNativeTarget "TestTest" */ = {
			isa = XCConfigurationList;
			buildConfigurations = (
				3EBB046F1C0C76EB00E1B93D /* Debug */,
				3EBB04701C0C76EB00E1B93D /* Release */,
			);
			defaultConfigurationIsVisible = 0;
		};
		3EBB04711C0C76EB00E1B93D /* Build configuration list for PBXNativeTarget "TestTestUITests" */ = {
			isa = XCConfigurationList;
			buildConfigurations = (
				3EBB04721C0C76EB00E1B93D /* Debug */,
				3EBB04731C0C76EB00E1B93D /* Release */,
			);
			defaultConfigurationIsVisible = 0;
		};
/* End XCConfigurationList section */
	};
	rootObject = 3EBB04441C0C76EB00E1B93D /* Project object */;
}
